
Microsoft Visual Studio Solution File, Format Version 12.00
# Visual Studio Version 16
VisualStudioVersion = 16.0.30611.23
MinimumVisualStudioVersion = 10.0.40219.1
Project("{9A19103F-16F7-4668-BE54-9A1E7A4F7556}") = "RoRamu.Utils", "src\Utils\RoRamu.Utils.csproj", "{8B2BA1FE-B793-4452-8EBD-EA5AF8FE505A}"
EndProject
Project("{9A19103F-16F7-4668-BE54-9A1E7A4F7556}") = "RoRamu.Utils.Logging", "src\Utils.Logging\RoRamu.Utils.Logging.csproj", "{3F81B7F7-8FA0-4AD7-ADFE-8BF412468F54}"
EndProject
Project("{9A19103F-16F7-4668-BE54-9A1E7A4F7556}") = "RoRamu.Utils.Messaging", "src\Utils.Messaging\RoRamu.Utils.Messaging.csproj", "{20F05374-C068-48BB-A757-48ED33E9D8BC}"
EndProject
Project("{FAE04EC0-301F-11D3-BF4B-00C04F79EFBC}") = "RoRamu.Utils.CSharp", "src\Utils.CSharp\RoRamu.Utils.CSharp.csproj", "{817C5A23-72F0-4794-9883-D630A3A57C47}"
EndProject
Project("{2150E333-8FDC-42A3-9474-1A3956D46DE8}") = "test", "test", "{064A0C06-4F9A-47D5-A9C5-D9D1C12E79E9}"
EndProject
Project("{FAE04EC0-301F-11D3-BF4B-00C04F79EFBC}") = "RoRamu.Utils.Test", "test\Utils\RoRamu.Utils.Test.csproj", "{96BE2905-1DC7-41CD-88D1-127B010B488E}"
EndProject
Project("{FAE04EC0-301F-11D3-BF4B-00C04F79EFBC}") = "RoRamu.Utils.CSharp.Test", "test\Utils.CSharp\RoRamu.Utils.CSharp.Test.csproj", "{01A3C77A-1017-46E0-BAF9-3E86ACD236CF}"
EndProject
Project("{FAE04EC0-301F-11D3-BF4B-00C04F79EFBC}") = "RoRamu.Utils.Logging.Test", "test\Utils.Logging\RoRamu.Utils.Logging.Test.csproj", "{F6410619-E22F-4414-AD09-0E48EC7F582E}"
EndProject
Project("{FAE04EC0-301F-11D3-BF4B-00C04F79EFBC}") = "RoRamu.Utils.Messaging.Test", "test\Utils.Messaging\RoRamu.Utils.Messaging.Test.csproj", "{6DDA8311-B272-475E-98F8-86BA1B203AE1}"
EndProject
Global
	GlobalSection(SolutionConfigurationPlatforms) = preSolution
		Debug|Any CPU = Debug|Any CPU
		Release|Any CPU = Release|Any CPU
	EndGlobalSection
	GlobalSection(ProjectConfigurationPlatforms) = postSolution
		{8B2BA1FE-B793-4452-8EBD-EA5AF8FE505A}.Debug|Any CPU.ActiveCfg = Debug|Any CPU
		{8B2BA1FE-B793-4452-8EBD-EA5AF8FE505A}.Debug|Any CPU.Build.0 = Debug|Any CPU
		{8B2BA1FE-B793-4452-8EBD-EA5AF8FE505A}.Release|Any CPU.ActiveCfg = Release|Any CPU
		{8B2BA1FE-B793-4452-8EBD-EA5AF8FE505A}.Release|Any CPU.Build.0 = Release|Any CPU
		{3F81B7F7-8FA0-4AD7-ADFE-8BF412468F54}.Debug|Any CPU.ActiveCfg = Debug|Any CPU
		{3F81B7F7-8FA0-4AD7-ADFE-8BF412468F54}.Debug|Any CPU.Build.0 = Debug|Any CPU
		{3F81B7F7-8FA0-4AD7-ADFE-8BF412468F54}.Release|Any CPU.ActiveCfg = Release|Any CPU
		{3F81B7F7-8FA0-4AD7-ADFE-8BF412468F54}.Release|Any CPU.Build.0 = Release|Any CPU
		{20F05374-C068-48BB-A757-48ED33E9D8BC}.Debug|Any CPU.ActiveCfg = Debug|Any CPU
		{20F05374-C068-48BB-A757-48ED33E9D8BC}.Debug|Any CPU.Build.0 = Debug|Any CPU
		{20F05374-C068-48BB-A757-48ED33E9D8BC}.Release|Any CPU.ActiveCfg = Release|Any CPU
		{20F05374-C068-48BB-A757-48ED33E9D8BC}.Release|Any CPU.Build.0 = Release|Any CPU
		{817C5A23-72F0-4794-9883-D630A3A57C47}.Debug|Any CPU.ActiveCfg = Debug|Any CPU
		{817C5A23-72F0-4794-9883-D630A3A57C47}.Debug|Any CPU.Build.0 = Debug|Any CPU
		{817C5A23-72F0-4794-9883-D630A3A57C47}.Release|Any CPU.ActiveCfg = Release|Any CPU
		{817C5A23-72F0-4794-9883-D630A3A57C47}.Release|Any CPU.Build.0 = Release|Any CPU
		{96BE2905-1DC7-41CD-88D1-127B010B488E}.Debug|Any CPU.ActiveCfg = Debug|Any CPU
		{96BE2905-1DC7-41CD-88D1-127B010B488E}.Debug|Any CPU.Build.0 = Debug|Any CPU
		{96BE2905-1DC7-41CD-88D1-127B010B488E}.Release|Any CPU.ActiveCfg = Release|Any CPU
		{96BE2905-1DC7-41CD-88D1-127B010B488E}.Release|Any CPU.Build.0 = Release|Any CPU
		{01A3C77A-1017-46E0-BAF9-3E86ACD236CF}.Debug|Any CPU.ActiveCfg = Debug|Any CPU
		{01A3C77A-1017-46E0-BAF9-3E86ACD236CF}.Debug|Any CPU.Build.0 = Debug|Any CPU
		{01A3C77A-1017-46E0-BAF9-3E86ACD236CF}.Release|Any CPU.ActiveCfg = Release|Any CPU
		{01A3C77A-1017-46E0-BAF9-3E86ACD236CF}.Release|Any CPU.Build.0 = Release|Any CPU
		{F6410619-E22F-4414-AD09-0E48EC7F582E}.Debug|Any CPU.ActiveCfg = Debug|Any CPU
		{F6410619-E22F-4414-AD09-0E48EC7F582E}.Debug|Any CPU.Build.0 = Debug|Any CPU
		{F6410619-E22F-4414-AD09-0E48EC7F582E}.Release|Any CPU.ActiveCfg = Release|Any CPU
		{F6410619-E22F-4414-AD09-0E48EC7F582E}.Release|Any CPU.Build.0 = Release|Any CPU
		{6DDA8311-B272-475E-98F8-86BA1B203AE1}.Debug|Any CPU.ActiveCfg = Debug|Any CPU
		{6DDA8311-B272-475E-98F8-86BA1B203AE1}.Debug|Any CPU.Build.0 = Debug|Any CPU
		{6DDA8311-B272-475E-98F8-86BA1B203AE1}.Release|Any CPU.ActiveCfg = Release|Any CPU
		{6DDA8311-B272-475E-98F8-86BA1B203AE1}.Release|Any CPU.Build.0 = Release|Any CPU
	EndGlobalSection
	GlobalSection(SolutionProperties) = preSolution
		HideSolutionNode = FALSE
	EndGlobalSection
	GlobalSection(ExtensibilityGlobals) = postSolution
		SolutionGuid = {A80C9813-CC55-4280-9708-F3995B72A474}
	EndGlobalSection
	GlobalSection(NestedProjects) = preSolution
		{96BE2905-1DC7-41CD-88D1-127B010B488E} = {064A0C06-4F9A-47D5-A9C5-D9D1C12E79E9}
		{01A3C77A-1017-46E0-BAF9-3E86ACD236CF} = {064A0C06-4F9A-47D5-A9C5-D9D1C12E79E9}
		{F6410619-E22F-4414-AD09-0E48EC7F582E} = {064A0C06-4F9A-47D5-A9C5-D9D1C12E79E9}
		{6DDA8311-B272-475E-98F8-86BA1B203AE1} = {064A0C06-4F9A-47D5-A9C5-D9D1C12E79E9}
	EndGlobalSection
EndGlobal
